<?xml version="1.0" encoding="utf-8"?>
<Project ToolsVersion="4.0" xmlns="http://schemas.microsoft.com/developer/msbuild/2003">
  <ItemGroup>
    <Filter Include="Source Files">
      <UniqueIdentifier>{4FC737F1-C7A5-4376-A066-2A32D752A2FF}</UniqueIdentifier>
      <Extensions>cpp;c;cc;cxx;def;odl;idl;hpj;bat;asm;asmx</Extensions>
    </Filter>
    <Filter Include="Header Files">
      <UniqueIdentifier>{93995380-89BD-4b04-88EB-625FBE52EBFB}</UniqueIdentifier>
      <Extensions>h;hh;hpp;hxx;hm;inl;inc;ipp;xsd</Extensions>
    </Filter>
    <Filter Include="Resource Files">
      <UniqueIdentifier>{67DA6AB6-F800-4c08-8B7A-83BB121AAD01}</UniqueIdentifier>
      <Extensions>rc;ico;cur;bmp;dlg;rc2;rct;bin;rgs;gif;jpg;jpeg;jpe;resx;tiff;tif;png;wav;mfcribbon-ms</Extensions>
    </Filter>
  </ItemGroup>
  <ItemGroup>
    <ClInclude Include="pch.h">
      <Filter>Header Files</Filter>
    </ClInclude>
    <ClInclude Include="Tash\InputHelper.h">
      <Filter>Header Files</Filter>
    </ClInclude>
    <ClInclude Include="Tash\Tash.h">
      <Filter>Header Files</Filter>
    </ClInclude>
    <ClInclude Include="TinuxCore\TCmd.h">
      <Filter>Header Files</Filter>
    </ClInclude>
    <ClInclude Include="TinuxCore\TCore.h">
      <Filter>Header Files</Filter>
    </ClInclude>
    <ClInclude Include="TinuxCore\TFileSys.h">
      <Filter>Header Files</Filter>
    </ClInclude>
    <ClInclude Include="TinuxCore\TOtherSys.h">
      <Filter>Header Files</Filter>
    </ClInclude>
    <ClInclude Include="Singleton.h">
      <Filter>Header Files</Filter>
    </ClInclude>
    <ClInclude Include="TUtil.h">
      <Filter>Header Files</Filter>
    </ClInclude>
  </ItemGroup>
  <ItemGroup>
    <ClCompile Include="pch.cpp">
      <Filter>Source Files</Filter>
    </ClCompile>
    <ClCompile Include="Tinux.cpp">
      <Filter>Source Files</Filter>
    </ClCompile>
    <ClCompile Include="Tash\InputHelper.cpp">
      <Filter>Source Files</Filter>
    </ClCompile>
    <ClCompile Include="Tash\Tash.cpp">
      <Filter>Source Files</Filter>
    </ClCompile>
    <ClCompile Include="TinuxCore\TCmd.cpp">
      <Filter>Source Files</Filter>
    </ClCompile>
    <ClCompile Include="TinuxCore\TCore.cpp">
      <Filter>Source Files</Filter>
    </ClCompile>
    <ClCompile Include="TinuxCore\TFileSys.cpp">
      <Filter>Source Files</Filter>
    </ClCompile>
    <ClCompile Include="TinuxCore\TOtherSys.cpp">
      <Filter>Source Files</Filter>
    </ClCompile>
    <ClCompile Include="TUtil.cpp">
      <Filter>Source Files</Filter>
    </ClCompile>
  </ItemGroup>
  <ItemGroup>
    <Text Include="..\root\etc\help.txt" />
  </ItemGroup>
</Project>